dependencies:
- name: postgresql
  repository: https://kubernetes-charts.storage.googleapis.com/
  version: 3.9.5
- name: mercure
  repository: https://kubernetes-charts.storage.googleapis.com/
  version: 1.0.0
digest: sha256:6466d376987cc08b70fe36945dd93474836aab05edc155955951bcb0774a0896
generated: 2019-03-26T18:14:32.4074+01:00
