{
    "api-platform/api-pack": {
        "version": "v1.2.0"
    },
    "api-platform/core": {
        "version": "2.1",
        "recipe": {
            "repo": "github.com/symfony/recipes",
            "branch": "master",
            "version": "2.1",
            "ref": "18727d8f229306860b46955f438e1897421da689"
        },
        "files": [
            "config/packages/api_platform.yaml",
            "config/routes/api_platform.yaml",
            "src/Entity/.gitignore"
        ]
    },
    "api-platform/schema-generator": {
        "version": "v2.1.0"
    },
    "composer/semver": {
        "version": "1.5.0"
    },
    "composer/xdebug-handler": {
        "version": "1.3.3"
    },
    "doctrine/annotations": {
        "version": "1.0",
        "recipe": {
            "repo": "github.com/symfony/recipes",
            "branch": "master",
            "version": "1.0",
            "ref": "cb4152ebcadbe620ea2261da1a1c5a9b8cea7672"
        },
        "files": [
            "config/routes/annotations.yaml"
        ]
    },
    "doctrine/cache": {
        "version": "v1.8.0"
    },
    "doctrine/collections": {
        "version": "v1.6.2"
    },
    "doctrine/common": {
        "version": "v2.10.0"
    },
    "doctrine/dbal": {
        "version": "v2.9.2"
    },
    "doctrine/doctrine-bundle": {
        "version": "1.6",
        "recipe": {
            "repo": "github.com/symfony/recipes",
            "branch": "master",
            "version": "1.6",
            "ref": "02bc9e7994b70f4fda004131a0c78b7b1bf09789"
        },
        "files": [
            "config/packages/doctrine.yaml",
            "config/packages/prod/doctrine.yaml",
            "src/Entity/.gitignore",
            "src/Repository/.gitignore"
        ]
    },
    "doctrine/doctrine-cache-bundle": {
        "version": "1.3.5"
    },
    "doctrine/event-manager": {
        "version": "v1.0.0"
    },
    "doctrine/inflector": {
        "version": "v1.3.0"
    },
    "doctrine/instantiator": {
        "version": "1.2.0"
    },
    "doctrine/lexer": {
        "version": "1.0.2"
    },
    "doctrine/orm": {
        "version": "v2.6.3"
    },
    "doctrine/persistence": {
        "version": "1.1.1"
    },
    "doctrine/reflection": {
        "version": "v1.0.0"
    },
    "easyrdf/easyrdf": {
        "version": "0.9.1"
    },
    "fig/link-util": {
        "version": "1.0.0"
    },
    "friendsofphp/php-cs-fixer": {
        "version": "2.2",
        "recipe": {
            "repo": "github.com/symfony/recipes",
            "branch": "master",
            "version": "2.2",
            "ref": "cc05ab6abf6894bddb9bbd6a252459010ebe040b"
        },
        "files": [
            ".php_cs.dist"
        ]
    },
    "guzzlehttp/guzzle": {
        "version": "6.3.3"
    },
    "guzzlehttp/promises": {
        "version": "v1.3.1"
    },
    "guzzlehttp/psr7": {
        "version": "1.5.2"
    },
    "jdorn/sql-formatter": {
        "version": "v1.2.17"
    },
    "league/html-to-markdown": {
        "version": "4.8.1"
    },
    "nelmio/cors-bundle": {
        "version": "1.5",
        "recipe": {
            "repo": "github.com/symfony/recipes",
            "branch": "master",
            "version": "1.5",
            "ref": "f0436fc35fca88eada758311f8de43bfb61f1980"
        },
        "files": [
            "config/packages/nelmio_cors.yaml"
        ]
    },
    "nikic/php-parser": {
        "version": "v4.2.2"
    },
    "php-cs-fixer/diff": {
        "version": "v1.3.0"
    },
    "phpdocumentor/reflection-common": {
        "version": "1.0.1"
    },
    "phpdocumentor/reflection-docblock": {
        "version": "4.3.1"
    },
    "phpdocumentor/type-resolver": {
        "version": "0.4.0"
    },
    "psr/cache": {
        "version": "1.0.1"
    },
    "psr/container": {
        "version": "1.0.0"
    },
    "psr/http-message": {
        "version": "1.0.1"
    },
    "psr/link": {
        "version": "1.0.0"
    },
    "psr/log": {
        "version": "1.1.0"
    },
    "ralouphie/getallheaders": {
        "version": "2.0.5"
    },
    "symfony/asset": {
        "version": "v4.3.1"
    },
    "symfony/cache": {
        "version": "v4.3.1"
    },
    "symfony/config": {
        "version": "v4.3.1"
    },
    "symfony/console": {
        "version": "3.3",
        "recipe": {
            "repo": "github.com/symfony/recipes",
            "branch": "master",
            "version": "3.3",
            "ref": "482d233eb8de91ebd042992077bbd5838858890c"
        },
        "files": [
            "bin/console",
            "config/bootstrap.php"
        ]
    },
    "symfony/contracts": {
        "version": "v1.1.3"
    },
    "symfony/debug": {
        "version": "v4.3.1"
    },
    "symfony/dependency-injection": {
        "version": "v4.3.1"
    },
    "symfony/doctrine-bridge": {
        "version": "v4.3.1"
    },
    "symfony/dotenv": {
        "version": "v4.3.1"
    },
    "symfony/event-dispatcher": {
        "version": "v4.3.1"
    },
    "symfony/expression-language": {
        "version": "v4.3.1"
    },
    "symfony/filesystem": {
        "version": "v4.3.1"
    },
    "symfony/finder": {
        "version": "v4.3.1"
    },
    "symfony/flex": {
        "version": "1.0",
        "recipe": {
            "repo": "github.com/symfony/recipes",
            "branch": "master",
            "version": "1.0",
            "ref": "dc3fc2e0334a4137c47cfd5a3ececc601fa61a0b"
        },
        "files": [
            ".env"
        ]
    },
    "symfony/framework-bundle": {
        "version": "4.2",
        "recipe": {
            "repo": "github.com/symfony/recipes",
            "branch": "master",
            "version": "4.2",
            "ref": "0dfae0b1cd8349ae47659b35602f772b4a7e2280"
        },
        "files": [
            "config/bootstrap.php",
            "config/packages/cache.yaml",
            "config/packages/framework.yaml",
            "config/packages/test/framework.yaml",
            "config/services.yaml",
            "public/index.php",
            "src/Controller/.gitignore",
            "src/Kernel.php"
        ]
    },
    "symfony/http-client": {
        "version": "v4.3.1"
    },
    "symfony/http-foundation": {
        "version": "v4.3.1"
    },
    "symfony/http-kernel": {
        "version": "v4.3.1"
    },
    "symfony/inflector": {
        "version": "v4.3.1"
    },
    "symfony/maker-bundle": {
        "version": "1.0",
        "recipe": {
            "repo": "github.com/symfony/recipes",
            "branch": "master",
            "version": "1.0",
            "ref": "fadbfe33303a76e25cb63401050439aa9b1a9c7f"
        }
    },
    "symfony/mercure": {
        "version": "v0.2.0"
    },
    "symfony/mercure-bundle": {
        "version": "0.1",
        "recipe": {
            "repo": "github.com/symfony/recipes",
            "branch": "master",
            "version": "0.1",
            "ref": "c78ab1f56e700004fc5cd675c26b3c1c26be281d"
        },
        "files": [
            "config/packages/mercure.yaml"
        ]
    },
    "symfony/mime": {
        "version": "v4.3.1"
    },
    "symfony/options-resolver": {
        "version": "v4.3.1"
    },
    "symfony/polyfill-intl-idn": {
        "version": "v1.11.0"
    },
    "symfony/polyfill-mbstring": {
        "version": "v1.11.0"
    },
    "symfony/polyfill-php72": {
        "version": "v1.11.0"
    },
    "symfony/polyfill-php73": {
        "version": "v1.11.0"
    },
    "symfony/process": {
        "version": "v4.3.1"
    },
    "symfony/profiler-pack": {
        "version": "v1.0.4"
    },
    "symfony/property-access": {
        "version": "v4.3.1"
    },
    "symfony/property-info": {
        "version": "v4.3.1"
    },
    "symfony/routing": {
        "version": "4.2",
        "recipe": {
            "repo": "github.com/symfony/recipes",
            "branch": "master",
            "version": "4.2",
            "ref": "5374e24d508ba8fd6ba9eb15170255fdb778316a"
        },
        "files": [
            "config/packages/dev/routing.yaml",
            "config/packages/routing.yaml",
            "config/packages/test/routing.yaml",
            "config/routes.yaml"
        ]
    },
    "symfony/security-bundle": {
        "version": "3.3",
        "recipe": {
            "repo": "github.com/symfony/recipes",
            "branch": "master",
            "version": "3.3",
            "ref": "9a2034eca6d83d9cda632014e06995b8d9d9fd09"
        },
        "files": [
            "config/packages/security.yaml"
        ]
    },
    "symfony/security-core": {
        "version": "v4.3.1"
    },
    "symfony/security-csrf": {
        "version": "v4.3.1"
    },
    "symfony/security-guard": {
        "version": "v4.3.1"
    },
    "symfony/security-http": {
        "version": "v4.3.1"
    },
    "symfony/serializer": {
        "version": "v4.3.1"
    },
    "symfony/stopwatch": {
        "version": "v4.3.1"
    },
    "symfony/twig-bridge": {
        "version": "v4.3.1"
    },
    "symfony/twig-bundle": {
        "version": "3.3",
        "recipe": {
            "repo": "github.com/symfony/recipes",
            "branch": "master",
            "version": "3.3",
            "ref": "369b5b29dc52b2c190002825ae7ec24ab6f962dd"
        },
        "files": [
            "config/packages/twig.yaml",
            "config/routes/dev/twig.yaml",
            "templates/base.html.twig"
        ]
    },
    "symfony/validator": {
        "version": "4.3",
        "recipe": {
            "repo": "github.com/symfony/recipes",
            "branch": "master",
            "version": "4.3",
            "ref": "d902da3e4952f18d3bf05aab29512eb61cabd869"
        },
        "files": [
            "config/packages/test/validator.yaml",
            "config/packages/validator.yaml"
        ]
    },
    "symfony/var-dumper": {
        "version": "v4.3.1"
    },
    "symfony/var-exporter": {
        "version": "v4.3.1"
    },
    "symfony/web-link": {
        "version": "v4.3.1"
    },
    "symfony/web-profiler-bundle": {
        "version": "3.3",
        "recipe": {
            "repo": "github.com/symfony/recipes",
            "branch": "master",
            "version": "3.3",
            "ref": "6bdfa1a95f6b2e677ab985cd1af2eae35d62e0f6"
        },
        "files": [
            "config/packages/dev/web_profiler.yaml",
            "config/packages/test/web_profiler.yaml",
            "config/routes/dev/web_profiler.yaml"
        ]
    },
    "symfony/yaml": {
        "version": "v4.3.1"
    },
    "twig/twig": {
        "version": "v2.11.3"
    },
    "webmozart/assert": {
        "version": "1.4.0"
    },
    "willdurand/negotiation": {
        "version": "v2.3.1"
    }
}
